// !$*UTF8*$!
{
	archiveVersion = 1;
	classes = {
	};
	objectVersion = 46;
	objects = {

/* Begin PBXBuildFile section */
		B312340F2007091200DB2256 /* MasterViewControllerTableViewController.swift in Sources */ = {isa = PBXBuildFile; fileRef = B312340E2007091200DB2256 /* MasterViewControllerTableViewController.swift */; };
		B3A82D9320118D14002EC0E6 /* QueuesViewController.swift in Sources */ = {isa = PBXBuildFile; fileRef = B3A82D9220118D14002EC0E6 /* QueuesViewController.swift */; };
		B3A82D9520118D24002EC0E6 /* SyncAsyncViewController.swift in Sources */ = {isa = PBXBuildFile; fileRef = B3A82D9420118D24002EC0E6 /* SyncAsyncViewController.swift */; };
		B3A82D9920118D5F002EC0E6 /* BarrierViewController.swift in Sources */ = {isa = PBXBuildFile; fileRef = B3A82D9820118D5F002EC0E6 /* BarrierViewController.swift */; };
		B3A82D9B20118D73002EC0E6 /* GroupsViewController.swift in Sources */ = {isa = PBXBuildFile; fileRef = B3A82D9A20118D73002EC0E6 /* GroupsViewController.swift */; };
		B3C3FCBA1CBF5C25006AA5F1 /* AppDelegate.swift in Sources */ = {isa = PBXBuildFile; fileRef = B3C3FCB91CBF5C25006AA5F1 /* AppDelegate.swift */; };
		B3C3FCC11CBF5C26006AA5F1 /* Main.storyboard in Resources */ = {isa = PBXBuildFile; fileRef = B3C3FCBF1CBF5C25006AA5F1 /* Main.storyboard */; };
		B3C3FCC31CBF5C26006AA5F1 /* Assets.xcassets in Resources */ = {isa = PBXBuildFile; fileRef = B3C3FCC21CBF5C26006AA5F1 /* Assets.xcassets */; };
		B3C3FCC61CBF5C26006AA5F1 /* LaunchScreen.storyboard in Resources */ = {isa = PBXBuildFile; fileRef = B3C3FCC41CBF5C26006AA5F1 /* LaunchScreen.storyboard */; };
		B3C3FCDC1CBF5C4B006AA5F1 /* GCD.swift in Sources */ = {isa = PBXBuildFile; fileRef = B3C3FCDB1CBF5C4B006AA5F1 /* GCD.swift */; };
/* End PBXBuildFile section */

/* Begin PBXFileReference section */
		B312340E2007091200DB2256 /* MasterViewControllerTableViewController.swift */ = {isa = PBXFileReference; fileEncoding = 4; lastKnownFileType = sourcecode.swift; path = MasterViewControllerTableViewController.swift; sourceTree = "<group>"; };
		B3A82D9220118D14002EC0E6 /* QueuesViewController.swift */ = {isa = PBXFileReference; lastKnownFileType = sourcecode.swift; path = QueuesViewController.swift; sourceTree = "<group>"; };
		B3A82D9420118D24002EC0E6 /* SyncAsyncViewController.swift */ = {isa = PBXFileReference; lastKnownFileType = sourcecode.swift; path = SyncAsyncViewController.swift; sourceTree = "<group>"; };
		B3A82D9820118D5F002EC0E6 /* BarrierViewController.swift */ = {isa = PBXFileReference; lastKnownFileType = sourcecode.swift; path = BarrierViewController.swift; sourceTree = "<group>"; };
		B3A82D9A20118D73002EC0E6 /* GroupsViewController.swift */ = {isa = PBXFileReference; lastKnownFileType = sourcecode.swift; path = GroupsViewController.swift; sourceTree = "<group>"; };
		B3C3FCB61CBF5C25006AA5F1 /* Grand Central Dispatch.app */ = {isa = PBXFileReference; explicitFileType = wrapper.application; includeInIndex = 0; path = "Grand Central Dispatch.app"; sourceTree = BUILT_PRODUCTS_DIR; };
		B3C3FCB91CBF5C25006AA5F1 /* AppDelegate.swift */ = {isa = PBXFileReference; lastKnownFileType = sourcecode.swift; path = AppDelegate.swift; sourceTree = "<group>"; };
		B3C3FCC01CBF5C25006AA5F1 /* Base */ = {isa = PBXFileReference; lastKnownFileType = file.storyboard; name = Base; path = Base.lproj/Main.storyboard; sourceTree = "<group>"; };
		B3C3FCC21CBF5C26006AA5F1 /* Assets.xcassets */ = {isa = PBXFileReference; lastKnownFileType = folder.assetcatalog; path = Assets.xcassets; sourceTree = "<group>"; };
		B3C3FCC51CBF5C26006AA5F1 /* Base */ = {isa = PBXFileReference; lastKnownFileType = file.storyboard; name = Base; path = Base.lproj/LaunchScreen.storyboard; sourceTree = "<group>"; };
		B3C3FCC71CBF5C26006AA5F1 /* Info.plist */ = {isa = PBXFileReference; lastKnownFileType = text.plist.xml; path = Info.plist; sourceTree = "<group>"; };
		B3C3FCDB1CBF5C4B006AA5F1 /* GCD.swift */ = {isa = PBXFileReference; fileEncoding = 4; lastKnownFileType = sourcecode.swift; path = GCD.swift; sourceTree = "<group>"; };
/* End PBXFileReference section */

/* Begin PBXFrameworksBuildPhase section */
		B3C3FCB31CBF5C25006AA5F1 /* Frameworks */ = {
			isa = PBXFrameworksBuildPhase;
			buildActionMask = 2147483647;
			files = (
			);
			runOnlyForDeploymentPostprocessing = 0;
		};
/* End PBXFrameworksBuildPhase section */

/* Begin PBXGroup section */
		B31519FB1E899E7400944240 /* Supporting Files */ = {
			isa = PBXGroup;
			children = (
				B3C3FCB91CBF5C25006AA5F1 /* AppDelegate.swift */,
				B3C3FCC21CBF5C26006AA5F1 /* Assets.xcassets */,
				B3C3FCC41CBF5C26006AA5F1 /* LaunchScreen.storyboard */,
				B3C3FCC71CBF5C26006AA5F1 /* Info.plist */,
			);
			name = "Supporting Files";
			sourceTree = "<group>";
		};
		B3A82D9620118D38002EC0E6 /* Detail */ = {
			isa = PBXGroup;
			children = (
				B3A82D9220118D14002EC0E6 /* QueuesViewController.swift */,
				B3A82D9420118D24002EC0E6 /* SyncAsyncViewController.swift */,
				B3A82D9820118D5F002EC0E6 /* BarrierViewController.swift */,
				B3A82D9A20118D73002EC0E6 /* GroupsViewController.swift */,
			);
			name = Detail;
			sourceTree = "<group>";
		};
		B3A82D9720118D46002EC0E6 /* Master */ = {
			isa = PBXGroup;
			children = (
				B312340E2007091200DB2256 /* MasterViewControllerTableViewController.swift */,
			);
			name = Master;
			sourceTree = "<group>";
		};
		B3C3FCAD1CBF5C25006AA5F1 = {
			isa = PBXGroup;
			children = (
				B3C3FCB81CBF5C25006AA5F1 /* Grand Central Dispatch */,
				B3C3FCB71CBF5C25006AA5F1 /* Products */,
			);
			sourceTree = "<group>";
		};
		B3C3FCB71CBF5C25006AA5F1 /* Products */ = {
			isa = PBXGroup;
			children = (
				B3C3FCB61CBF5C25006AA5F1 /* Grand Central Dispatch.app */,
			);
			name = Products;
			sourceTree = "<group>";
		};
		B3C3FCB81CBF5C25006AA5F1 /* Grand Central Dispatch */ = {
			isa = PBXGroup;
			children = (
				B3C3FCBF1CBF5C25006AA5F1 /* Main.storyboard */,
				B3A82D9720118D46002EC0E6 /* Master */,
				B3A82D9620118D38002EC0E6 /* Detail */,
				B3C3FCDB1CBF5C4B006AA5F1 /* GCD.swift */,
				B31519FB1E899E7400944240 /* Supporting Files */,
			);
			path = "Grand Central Dispatch";
			sourceTree = "<group>";
		};
/* End PBXGroup section */

/* Begin PBXNativeTarget section */
		B3C3FCB51CBF5C25006AA5F1 /* Grand Central Dispatch */ = {
			isa = PBXNativeTarget;
			buildConfigurationList = B3C3FCD51CBF5C26006AA5F1 /* Build configuration list for PBXNativeTarget "Grand Central Dispatch" */;
			buildPhases = (
				B3C3FCB21CBF5C25006AA5F1 /* Sources */,
				B3C3FCB31CBF5C25006AA5F1 /* Frameworks */,
				B3C3FCB41CBF5C25006AA5F1 /* Resources */,
			);
			buildRules = (
			);
			dependencies = (
			);
			name = "Grand Central Dispatch";
			productName = GCDExample;
			productReference = B3C3FCB61CBF5C25006AA5F1 /* Grand Central Dispatch.app */;
			productType = "com.apple.product-type.application";
		};
/* End PBXNativeTarget section */

/* Begin PBXProject section */
		B3C3FCAE1CBF5C25006AA5F1 /* Project object */ = {
			isa = PBXProject;
			attributes = {
				LastSwiftUpdateCheck = 0730;
				LastUpgradeCheck = 0900;
				ORGANIZATIONNAME = "Rolando Asmat";
				TargetAttributes = {
					B3C3FCB51CBF5C25006AA5F1 = {
						CreatedOnToolsVersion = 7.3;
						DevelopmentTeam = J7SJPB755M;
						LastSwiftMigration = 0900;
					};
				};
			};
			buildConfigurationList = B3C3FCB11CBF5C25006AA5F1 /* Build configuration list for PBXProject "Grand Central Dispatch" */;
			compatibilityVersion = "Xcode 3.2";
			developmentRegion = English;
			hasScannedForEncodings = 0;
			knownRegions = (
				en,
				Base,
			);
			mainGroup = B3C3FCAD1CBF5C25006AA5F1;
			productRefGroup = B3C3FCB71CBF5C25006AA5F1 /* Products */;
			projectDirPath = "";
			projectRoot = "";
			targets = (
				B3C3FCB51CBF5C25006AA5F1 /* Grand Central Dispatch */,
			);
		};
/* End PBXProject section */

/* Begin PBXResourcesBuildPhase section */
		B3C3FCB41CBF5C25006AA5F1 /* Resources */ = {
			isa = PBXResourcesBuildPhase;
			buildActionMask = 2147483647;
			files = (
				B3C3FCC61CBF5C26006AA5F1 /* LaunchScreen.storyboard in Resources */,
				B3C3FCC31CBF5C26006AA5F1 /* Assets.xcassets in Resources */,
				B3C3FCC11CBF5C26006AA5F1 /* Main.storyboard in Resources */,
			);
			runOnlyForDeploymentPostprocessing = 0;
		};
/* End PBXResourcesBuildPhase section */

/* Begin PBXSourcesBuildPhase section */
		B3C3FCB21CBF5C25006AA5F1 /* Sources */ = {
			isa = PBXSourcesBuildPhase;
			buildActionMask = 2147483647;
			files = (
				B3A82D9320118D14002EC0E6 /* QueuesViewController.swift in Sources */,
				B3C3FCBA1CBF5C25006AA5F1 /* AppDelegate.swift in Sources */,
				B312340F2007091200DB2256 /* MasterViewControllerTableViewController.swift in Sources */,
				B3A82D9920118D5F002EC0E6 /* BarrierViewController.swift in Sources */,
				B3C3FCDC1CBF5C4B006AA5F1 /* GCD.swift in Sources */,
				B3A82D9520118D24002EC0E6 /* SyncAsyncViewController.swift in Sources */,
				B3A82D9B20118D73002EC0E6 /* GroupsViewController.swift in Sources */,
			);
			runOnlyForDeploymentPostprocessing = 0;
		};
/* End PBXSourcesBuildPhase section */

/* Begin PBXVariantGroup section */
		B3C3FCBF1CBF5C25006AA5F1 /* Main.storyboard */ = {
			isa = PBXVariantGroup;
			children = (
				B3C3FCC01CBF5C25006AA5F1 /* Base */,
			);
			name = Main.storyboard;
			sourceTree = "<group>";
		};
		B3C3FCC41CBF5C26006AA5F1 /* LaunchScreen.storyboard */ = {
			isa = PBXVariantGroup;
			children = (
				B3C3FCC51CBF5C26006AA5F1 /* Base */,
			);
			name = LaunchScreen.storyboard;
			sourceTree = "<group>";
		};
/* End PBXVariantGroup section */

/* Begin XCBuildConfiguration section */
		B3C3FCD31CBF5C26006AA5F1 /* Debug */ = {
			isa = XCBuildConfiguration;
			buildSettings = {
				ALWAYS_SEARCH_USER_PATHS = NO;
				CLANG_ANALYZER_NONNULL = YES;
				CLANG_CXX_LANGUAGE_STANDARD = "gnu++0x";
				CLANG_CXX_LIBRARY = "libc++";
				CLANG_ENABLE_MODULES = YES;
				CLANG_ENABLE_OBJC_ARC = YES;
				CLANG_WARN_BLOCK_CAPTURE_AUTORELEASING = YES;
				CLANG_WARN_BOOL_CONVERSION = YES;
				CLANG_WARN_COMMA = YES;
				CLANG_WARN_CONSTANT_CONVERSION = YES;
				CLANG_WARN_DIRECT_OBJC_ISA_USAGE = YES_ERROR;
				CLANG_WARN_EMPTY_BODY = YES;
				CLANG_WARN_ENUM_CONVERSION = YES;
				CLANG_WARN_INFINITE_RECURSION = YES;
				CLANG_WARN_INT_CONVERSION = YES;
				CLANG_WARN_NON_LITERAL_NULL_CONVERSION = YES;
				CLANG_WARN_OBJC_LITERAL_CONVERSION = YES;
				CLANG_WARN_OBJC_ROOT_CLASS = YES_ERROR;
				CLANG_WARN_RANGE_LOOP_ANALYSIS = YES;
				CLANG_WARN_STRICT_PROTOTYPES = YES;
				CLANG_WARN_SUSPICIOUS_MOVE = YES;
				CLANG_WARN_UNREACHABLE_CODE = YES;
				CLANG_WARN__DUPLICATE_METHOD_MATCH = YES;
				"CODE_SIGN_IDENTITY[sdk=iphoneos*]" = "iPhone Developer";
				COPY_PHASE_STRIP = NO;
				DEBUG_INFORMATION_FORMAT = dwarf;
				ENABLE_STRICT_OBJC_MSGSEND = YES;
				ENABLE_TESTABILITY = YES;
				GCC_C_LANGUAGE_STANDARD = gnu99;
				GCC_DYNAMIC_NO_PIC = NO;
				GCC_NO_COMMON_BLOCKS = YES;
				GCC_OPTIMIZATION_LEVEL = 0;
				GCC_PREPROCESSOR_DEFINITIONS = (
					"DEBUG=1",
					"$(inherited)",
				);
				GCC_WARN_64_TO_32_BIT_CONVERSION = YES;
				GCC_WARN_ABOUT_RETURN_TYPE = YES_ERROR;
				GCC_WARN_UNDECLARED_SELECTOR = YES;
				GCC_WARN_UNINITIALIZED_AUTOS = YES_AGGRESSIVE;
				GCC_WARN_UNUSED_FUNCTION = YES;
				GCC_WARN_UNUSED_VARIABLE = YES;
				IPHONEOS_DEPLOYMENT_TARGET = 9.3;
				MTL_ENABLE_DEBUG_INFO = YES;
				ONLY_ACTIVE_ARCH = YES;
				SDKROOT = iphoneos;
				SWIFT_OPTIMIZATION_LEVEL = "-Onone";
				TARGETED_DEVICE_FAMILY = "1,2";
			};
			name = Debug;
		};
		B3C3FCD41CBF5C26006AA5F1 /* Release */ = {
			isa = XCBuildConfiguration;
			buildSettings = {
				ALWAYS_SEARCH_USER_PATHS = NO;
				CLANG_ANALYZER_NONNULL = YES;
				CLANG_CXX_LANGUAGE_STANDARD = "gnu++0x";
				CLANG_CXX_LIBRARY = "libc++";
				CLANG_ENABLE_MODULES = YES;
				CLANG_ENABLE_OBJC_ARC = YES;
				CLANG_WARN_BLOCK_CAPTURE_AUTORELEASING = YES;
				CLANG_WARN_BOOL_CONVERSION = YES;
				CLANG_WARN_COMMA = YES;
				CLANG_WARN_CONSTANT_CONVERSION = YES;
				CLANG_WARN_DIRECT_OBJC_ISA_USAGE = YES_ERROR;
				CLANG_WARN_EMPTY_BODY = YES;
				CLANG_WARN_ENUM_CONVERSION = YES;
				CLANG_WARN_INFINITE_RECURSION = YES;
				CLANG_WARN_INT_CONVERSION = YES;
				CLANG_WARN_NON_LITERAL_NULL_CONVERSION = YES;
				CLANG_WARN_OBJC_LITERAL_CONVERSION = YES;
				CLANG_WARN_OBJC_ROOT_CLASS = YES_ERROR;
				CLANG_WARN_RANGE_LOOP_ANALYSIS = YES;
				CLANG_WARN_STRICT_PROTOTYPES = YES;
				CLANG_WARN_SUSPICIOUS_MOVE = YES;
				CLANG_WARN_UNREACHABLE_CODE = YES;
				CLANG_WARN__DUPLICATE_METHOD_MATCH = YES;
				"CODE_SIGN_IDENTITY[sdk=iphoneos*]" = "iPhone Developer";
				COPY_PHASE_STRIP = NO;
				DEBUG_INFORMATION_FORMAT = "dwarf-with-dsym";
				ENABLE_NS_ASSERTIONS = NO;
				ENABLE_STRICT_OBJC_MSGSEND = YES;
				GCC_C_LANGUAGE_STANDARD = gnu99;
				GCC_NO_COMMON_BLOCKS = YES;
				GCC_WARN_64_TO_32_BIT_CONVERSION = YES;
				GCC_WARN_ABOUT_RETURN_TYPE = YES_ERROR;
				GCC_WARN_UNDECLARED_SELECTOR = YES;
				GCC_WARN_UNINITIALIZED_AUTOS = YES_AGGRESSIVE;
				GCC_WARN_UNUSED_FUNCTION = YES;
				GCC_WARN_UNUSED_VARIABLE = YES;
				IPHONEOS_DEPLOYMENT_TARGET = 9.3;
				MTL_ENABLE_DEBUG_INFO = NO;
				SDKROOT = iphoneos;
				SWIFT_OPTIMIZATION_LEVEL = "-Owholemodule";
				TARGETED_DEVICE_FAMILY = "1,2";
				VALIDATE_PRODUCT = YES;
			};
			name = Release;
		};
		B3C3FCD61CBF5C26006AA5F1 /* Debug */ = {
			isa = XCBuildConfiguration;
			buildSettings = {
				ASSETCATALOG_COMPILER_APPICON_NAME = AppIcon;
				DEVELOPMENT_TEAM = J7SJPB755M;
				INFOPLIST_FILE = "$(SRCROOT)/Grand Central Dispatch/Info.plist";
				LD_RUNPATH_SEARCH_PATHS = "$(inherited) @executable_path/Frameworks";
				PRODUCT_BUNDLE_IDENTIFIER = com.rolandoasmat.grandcentraldispatch;
				PRODUCT_NAME = "$(TARGET_NAME)";
				SWIFT_SWIFT3_OBJC_INFERENCE = On;
				SWIFT_VERSION = 4.0;
			};
			name = Debug;
		};
		B3C3FCD71CBF5C26006AA5F1 /* Release */ = {
			isa = XCBuildConfiguration;
			buildSettings = {
				ASSETCATALOG_COMPILER_APPICON_NAME = AppIcon;
				DEVELOPMENT_TEAM = J7SJPB755M;
				INFOPLIST_FILE = "$(SRCROOT)/Grand Central Dispatch/Info.plist";
				LD_RUNPATH_SEARCH_PATHS = "$(inherited) @executable_path/Frameworks";
				PRODUCT_BUNDLE_IDENTIFIER = com.rolandoasmat.grandcentraldispatch;
				PRODUCT_NAME = "$(TARGET_NAME)";
				SWIFT_SWIFT3_OBJC_INFERENCE = On;
				SWIFT_VERSION = 4.0;
			};
			name = Release;
		};
/* End XCBuildConfiguration section */

/* Begin XCConfigurationList section */
		B3C3FCB11CBF5C25006AA5F1 /* Build configuration list for PBXProject "Grand Central Dispatch" */ = {
			isa = XCConfigurationList;
			buildConfigurations = (
				B3C3FCD31CBF5C26006AA5F1 /* Debug */,
				B3C3FCD41CBF5C26006AA5F1 /* Release */,
			);
			defaultConfigurationIsVisible = 0;
			defaultConfigurationName = Release;
		};
		B3C3FCD51CBF5C26006AA5F1 /* Build configuration list for PBXNativeTarget "Grand Central Dispatch" */ = {
			isa = XCConfigurationList;
			buildConfigurations = (
				B3C3FCD61CBF5C26006AA5F1 /* Debug */,
				B3C3FCD71CBF5C26006AA5F1 /* Release */,
			);
			defaultConfigurationIsVisible = 0;
			defaultConfigurationName = Release;
		};
/* End XCConfigurationList section */
	};
	rootObject = B3C3FCAE1CBF5C25006AA5F1 /* Project object */;
}
